
Microsoft Visual Studio Solution File, Format Version 12.00
# Visual Studio Version 16
VisualStudioVersion = 16.0.30717.126
MinimumVisualStudioVersion = 10.0.40219.1
Project("{FAE04EC0-301F-11D3-BF4B-00C04F79EFBC}") = "PriorityQueueMA", "IntroOOP\PriorityQueueMA.csproj", "{A1B811C7-A270-4068-87EB-622EBC9E62FA}"
EndProject
Project("{FAE04EC0-301F-11D3-BF4B-00C04F79EFBC}") = "PriorityQueueMA.Tests", "PriorityQueueMA.Tests\PriorityQueueMA.Tests.csproj", "{86BB78EF-F46E-4DCB-ADC0-337DCF62C6B6}"
EndProject
Global
	GlobalSection(SolutionConfigurationPlatforms) = preSolution
		Debug|Any CPU = Debug|Any CPU
		Release|Any CPU = Release|Any CPU
	EndGlobalSection
	GlobalSection(ProjectConfigurationPlatforms) = postSolution
		{A1B811C7-A270-4068-87EB-622EBC9E62FA}.Debug|Any CPU.ActiveCfg = Debug|Any CPU
		{A1B811C7-A270-4068-87EB-622EBC9E62FA}.Debug|Any CPU.Build.0 = Debug|Any CPU
		{A1B811C7-A270-4068-87EB-622EBC9E62FA}.Release|Any CPU.ActiveCfg = Release|Any CPU
		{A1B811C7-A270-4068-87EB-622EBC9E62FA}.Release|Any CPU.Build.0 = Release|Any CPU
		{86BB78EF-F46E-4DCB-ADC0-337DCF62C6B6}.Debug|Any CPU.ActiveCfg = Debug|Any CPU
		{86BB78EF-F46E-4DCB-ADC0-337DCF62C6B6}.Debug|Any CPU.Build.0 = Debug|Any CPU
		{86BB78EF-F46E-4DCB-ADC0-337DCF62C6B6}.Release|Any CPU.ActiveCfg = Release|Any CPU
		{86BB78EF-F46E-4DCB-ADC0-337DCF62C6B6}.Release|Any CPU.Build.0 = Release|Any CPU
	EndGlobalSection
	GlobalSection(SolutionProperties) = preSolution
		HideSolutionNode = FALSE
	EndGlobalSection
	GlobalSection(ExtensibilityGlobals) = postSolution
		SolutionGuid = {A31062FE-39C6-401C-A2E1-41AD23BB890C}
	EndGlobalSection
EndGlobal
